Microsoft Visual Studio Solution File, Format Version 12.00
# Visual Studio Version 17
VisualStudioVersion = 17.5.002.0
MinimumVisualStudioVersion = 10.0.40219.1
Project("{9A19103F-16F7-4668-BE54-9A1E7A4F7556}") = "CasaDeCambioApp", "CasaDeCambioApp\CasaDeCambioApp.csproj", "{F565323D-F2E9-49D8-B57B-28B9499AEB9A}"
EndProject
Global
	GlobalSection(SolutionConfigurationPlatforms) = preSolution
		Debug|Any CPU = Debug|Any CPU
		Release|Any CPU = Release|Any CPU
	EndGlobalSection
	GlobalSection(ProjectConfigurationPlatforms) = postSolution
		{F565323D-F2E9-49D8-B57B-28B9499AEB9A}.Debug|Any CPU.ActiveCfg = Debug|Any CPU
		{F565323D-F2E9-49D8-B57B-28B9499AEB9A}.Debug|Any CPU.Build.0 = Debug|Any CPU
		{F565323D-F2E9-49D8-B57B-28B9499AEB9A}.Release|Any CPU.ActiveCfg = Release|Any CPU
		{F565323D-F2E9-49D8-B57B-28B9499AEB9A}.Release|Any CPU.Build.0 = Release|Any CPU
	EndGlobalSection
	GlobalSection(SolutionProperties) = preSolution
		HideSolutionNode = FALSE
	EndGlobalSection
	GlobalSection(ExtensibilityGlobals) = postSolution
		SolutionGuid = {27E0CCB9-0A01-4702-B5EB-4F0C1512BE31}
	EndGlobalSection
EndGlobal
